
Microsoft Visual Studio Solution File, Format Version 12.00
# Visual Studio 15
VisualStudioVersion = 15.0.28307.1062
MinimumVisualStudioVersion = 10.0.40219.1
Project("{FAE04EC0-301F-11D3-BF4B-00C04F79EFBC}") = "Sample01", "Sample01\Sample01.csproj", "{D2A9CA20-0130-4B6C-A322-061B0102DC72}"
EndProject
Global
	GlobalSection(SolutionConfigurationPlatforms) = preSolution
		Debug|Any CPU = Debug|Any CPU
		Release|Any CPU = Release|Any CPU
	EndGlobalSection
	GlobalSection(ProjectConfigurationPlatforms) = postSolution
		{D2A9CA20-0130-4B6C-A322-061B0102DC72}.Debug|Any CPU.ActiveCfg = Debug|Any CPU
		{D2A9CA20-0130-4B6C-A322-061B0102DC72}.Debug|Any CPU.Build.0 = Debug|Any CPU
		{D2A9CA20-0130-4B6C-A322-061B0102DC72}.Release|Any CPU.ActiveCfg = Release|Any CPU
		{D2A9CA20-0130-4B6C-A322-061B0102DC72}.Release|Any CPU.Build.0 = Release|Any CPU
	EndGlobalSection
	GlobalSection(SolutionProperties) = preSolution
		HideSolutionNode = FALSE
	EndGlobalSection
	GlobalSection(ExtensibilityGlobals) = postSolution
		SolutionGuid = {CB29E1E0-D13A-48D0-BDF9-EF53C34E3174}
	EndGlobalSection
EndGlobal
